
Microsoft Visual Studio Solution File, Format Version 12.00
# Visual Studio 15
VisualStudioVersion = 15.0.27428.2043
MinimumVisualStudioVersion = 10.0.40219.1
Project("{FAE04EC0-301F-11D3-BF4B-00C04F79EFBC}") = "EchoTest", "EchoTest\EchoTest.csproj", "{3DB359DE-A7AF-4B62-AC4D-E662BD53D570}"
EndProject
Project("{FAE04EC0-301F-11D3-BF4B-00C04F79EFBC}") = "EchoAgent", "EchoAgent\EchoAgent.csproj", "{43C581A2-C376-4145-9029-9916FA1E6D02}"
EndProject
Project("{FAE04EC0-301F-11D3-BF4B-00C04F79EFBC}") = "Benchmark", "Benchmark\Benchmark.csproj", "{91AA2684-A6ED-455C-8342-0652492BA25A}"
EndProject
Project("{FAE04EC0-301F-11D3-BF4B-00C04F79EFBC}") = "HandlerTest", "HandlerTest\HandlerTest.csproj", "{2B0F788D-9BC7-4AF6-99C6-85C9344FF6EC}"
EndProject
Project("{9A19103F-16F7-4668-BE54-9A1E7A4F7556}") = "RpcTest", "RpcTest\RpcTest.csproj", "{6C8B930F-3720-4604-8C45-255BBE2086D4}"
EndProject
Project("{FAE04EC0-301F-11D3-BF4B-00C04F79EFBC}") = "Benchmark2", "Benchmark2\Benchmark2.csproj", "{38D643B0-8BD2-44D6-9B51-B482C0152ADC}"
EndProject
Global
	GlobalSection(SolutionConfigurationPlatforms) = preSolution
		Debug|Any CPU = Debug|Any CPU
		Release|Any CPU = Release|Any CPU
	EndGlobalSection
	GlobalSection(ProjectConfigurationPlatforms) = postSolution
		{3DB359DE-A7AF-4B62-AC4D-E662BD53D570}.Debug|Any CPU.ActiveCfg = Debug|Any CPU
		{3DB359DE-A7AF-4B62-AC4D-E662BD53D570}.Debug|Any CPU.Build.0 = Debug|Any CPU
		{3DB359DE-A7AF-4B62-AC4D-E662BD53D570}.Release|Any CPU.ActiveCfg = Release|Any CPU
		{3DB359DE-A7AF-4B62-AC4D-E662BD53D570}.Release|Any CPU.Build.0 = Release|Any CPU
		{43C581A2-C376-4145-9029-9916FA1E6D02}.Debug|Any CPU.ActiveCfg = Debug|Any CPU
		{43C581A2-C376-4145-9029-9916FA1E6D02}.Debug|Any CPU.Build.0 = Debug|Any CPU
		{43C581A2-C376-4145-9029-9916FA1E6D02}.Release|Any CPU.ActiveCfg = Release|Any CPU
		{43C581A2-C376-4145-9029-9916FA1E6D02}.Release|Any CPU.Build.0 = Release|Any CPU
		{91AA2684-A6ED-455C-8342-0652492BA25A}.Debug|Any CPU.ActiveCfg = Debug|Any CPU
		{91AA2684-A6ED-455C-8342-0652492BA25A}.Debug|Any CPU.Build.0 = Debug|Any CPU
		{91AA2684-A6ED-455C-8342-0652492BA25A}.Release|Any CPU.ActiveCfg = Release|Any CPU
		{91AA2684-A6ED-455C-8342-0652492BA25A}.Release|Any CPU.Build.0 = Release|Any CPU
		{2B0F788D-9BC7-4AF6-99C6-85C9344FF6EC}.Debug|Any CPU.ActiveCfg = Debug|Any CPU
		{2B0F788D-9BC7-4AF6-99C6-85C9344FF6EC}.Debug|Any CPU.Build.0 = Debug|Any CPU
		{2B0F788D-9BC7-4AF6-99C6-85C9344FF6EC}.Release|Any CPU.ActiveCfg = Release|Any CPU
		{2B0F788D-9BC7-4AF6-99C6-85C9344FF6EC}.Release|Any CPU.Build.0 = Release|Any CPU
		{6C8B930F-3720-4604-8C45-255BBE2086D4}.Debug|Any CPU.ActiveCfg = Debug|Any CPU
		{6C8B930F-3720-4604-8C45-255BBE2086D4}.Debug|Any CPU.Build.0 = Debug|Any CPU
		{6C8B930F-3720-4604-8C45-255BBE2086D4}.Release|Any CPU.ActiveCfg = Release|Any CPU
		{6C8B930F-3720-4604-8C45-255BBE2086D4}.Release|Any CPU.Build.0 = Release|Any CPU
		{38D643B0-8BD2-44D6-9B51-B482C0152ADC}.Debug|Any CPU.ActiveCfg = Debug|Any CPU
		{38D643B0-8BD2-44D6-9B51-B482C0152ADC}.Debug|Any CPU.Build.0 = Debug|Any CPU
		{38D643B0-8BD2-44D6-9B51-B482C0152ADC}.Release|Any CPU.ActiveCfg = Release|Any CPU
		{38D643B0-8BD2-44D6-9B51-B482C0152ADC}.Release|Any CPU.Build.0 = Release|Any CPU
	EndGlobalSection
	GlobalSection(SolutionProperties) = preSolution
		HideSolutionNode = FALSE
	EndGlobalSection
	GlobalSection(ExtensibilityGlobals) = postSolution
		SolutionGuid = {FFF86941-7977-4B77-81BC-1B79B7DC48B5}
	EndGlobalSection
EndGlobal
